
Microsoft Visual Studio Solution File, Format Version 12.00
# Visual Studio 15
VisualStudioVersion = 15.0.28307.572
MinimumVisualStudioVersion = 10.0.40219.1
Project("{FAE04EC0-301F-11D3-BF4B-00C04F79EFBC}") = "RegistroEstudiantesDemo", "RegistroEstudiantesDemo\RegistroEstudiantesDemo.csproj", "{051D3E16-3084-4559-84AF-C6A534216EEB}"
EndProject
Global
	GlobalSection(SolutionConfigurationPlatforms) = preSolution
		Debug|Any CPU = Debug|Any CPU
		Release|Any CPU = Release|Any CPU
	EndGlobalSection
	GlobalSection(ProjectConfigurationPlatforms) = postSolution
		{051D3E16-3084-4559-84AF-C6A534216EEB}.Debug|Any CPU.ActiveCfg = Debug|Any CPU
		{051D3E16-3084-4559-84AF-C6A534216EEB}.Debug|Any CPU.Build.0 = Debug|Any CPU
		{051D3E16-3084-4559-84AF-C6A534216EEB}.Release|Any CPU.ActiveCfg = Release|Any CPU
		{051D3E16-3084-4559-84AF-C6A534216EEB}.Release|Any CPU.Build.0 = Release|Any CPU
	EndGlobalSection
	GlobalSection(SolutionProperties) = preSolution
		HideSolutionNode = FALSE
	EndGlobalSection
	GlobalSection(ExtensibilityGlobals) = postSolution
		SolutionGuid = {C558DB74-1D31-489F-B131-0BF618ED2EE8}
	EndGlobalSection
EndGlobal
